
Microsoft Visual Studio Solution File, Format Version 12.00
# Visual Studio 15
VisualStudioVersion = 15.0.27004.2006
MinimumVisualStudioVersion = 10.0.40219.1
Project("{FAE04EC0-301F-11D3-BF4B-00C04F79EFBC}") = "0503", "0503\0503.csproj", "{7A398A67-00A0-4FEE-A616-82F61040B11D}"
EndProject
Global
	GlobalSection(SolutionConfigurationPlatforms) = preSolution
		Debug|Any CPU = Debug|Any CPU
		Release|Any CPU = Release|Any CPU
	EndGlobalSection
	GlobalSection(ProjectConfigurationPlatforms) = postSolution
		{7A398A67-00A0-4FEE-A616-82F61040B11D}.Debug|Any CPU.ActiveCfg = Debug|Any CPU
		{7A398A67-00A0-4FEE-A616-82F61040B11D}.Debug|Any CPU.Build.0 = Debug|Any CPU
		{7A398A67-00A0-4FEE-A616-82F61040B11D}.Release|Any CPU.ActiveCfg = Release|Any CPU
		{7A398A67-00A0-4FEE-A616-82F61040B11D}.Release|Any CPU.Build.0 = Release|Any CPU
	EndGlobalSection
	GlobalSection(SolutionProperties) = preSolution
		HideSolutionNode = FALSE
	EndGlobalSection
	GlobalSection(ExtensibilityGlobals) = postSolution
		SolutionGuid = {058D0D86-4776-4986-9076-00253AB821AA}
	EndGlobalSection
EndGlobal
